{
  "projects": [
    {
      "projectId": "58GpZjZCWTaJ8AUhpCwt2K",
      "version": "3.29.0",
      "dependencies": {},
      "lang": "js",
      "fileLocks": [
        {
          "assetId": "58GpZjZCWTaJ8AUhpCwt2K",
          "type": "projectCss",
          "checksum": "f0469e206244772473ab64f50be898f9"
        }
      ],
      "codegenVersion": "0.0.1"
    },
    {
      "projectId": "7nJ7UcFmq9UzB6eXfC5z4a",
      "version": "0.32.0",
      "dependencies": {},
      "lang": "js",
      "fileLocks": [
        {
          "assetId": "7nJ7UcFmq9UzB6eXfC5z4a",
          "type": "projectCss",
          "checksum": "01e8cee5b9ce00fbc93f494c2a40dbf1"
        }
      ],
      "codegenVersion": "0.0.1"
    },
    {
      "projectId": "ieFqT7zduQSG5bkum3ngpi",
      "version": "latest",
      "dependencies": {
        "7nJ7UcFmq9UzB6eXfC5z4a": "0.32.0",
        "58GpZjZCWTaJ8AUhpCwt2K": "3.29.0"
      },
      "lang": "js",
      "fileLocks": [
        {
          "type": "globalVariant",
          "assetId": "qLm3LzkJRke9",
          "checksum": "e6103a1948172ffa85d32cc96ed5c5ef"
        },
        {
          "assetId": "ieFqT7zduQSG5bkum3ngpi",
          "type": "projectCss",
          "checksum": "95c71ab04e3a668899fd2db89817da65"
        },
        {
          "type": "renderModule",
          "assetId": "Gme8a-pmJt3q",
          "checksum": "c529441e74d376d7affcc662c5583bc6"
        },
        {
          "type": "cssRules",
          "assetId": "Gme8a-pmJt3q",
          "checksum": "c529441e74d376d7affcc662c5583bc6"
        },
        {
          "type": "renderModule",
          "assetId": "XxXf8vYFMwq2",
          "checksum": "7b31b698c4e33682ebaebde5dcee1b8e"
        },
        {
          "type": "cssRules",
          "assetId": "XxXf8vYFMwq2",
          "checksum": "7b31b698c4e33682ebaebde5dcee1b8e"
        },
        {
          "type": "renderModule",
          "assetId": "MVHJ2gydlhK7",
          "checksum": "7c2a888156ad14cb28c067d551c47d63"
        },
        {
          "type": "cssRules",
          "assetId": "MVHJ2gydlhK7",
          "checksum": "7c2a888156ad14cb28c067d551c47d63"
        },
        {
          "type": "renderModule",
          "assetId": "Hq2vwqtngDwE",
          "checksum": "a9627c9ee9f49032321d375b8128ee85"
        },
        {
          "type": "cssRules",
          "assetId": "Hq2vwqtngDwE",
          "checksum": "a9627c9ee9f49032321d375b8128ee85"
        },
        {
          "type": "renderModule",
          "assetId": "V-rC2BAJRp5y",
          "checksum": "cdcbba3277c7b0e6d9c58d0a8d68dcaa"
        },
        {
          "type": "cssRules",
          "assetId": "V-rC2BAJRp5y",
          "checksum": "cdcbba3277c7b0e6d9c58d0a8d68dcaa"
        },
        {
          "type": "renderModule",
          "assetId": "uiOL1dk5Q8jl",
          "checksum": "8c6f659675a7b4f22dcca728f663cd55"
        },
        {
          "type": "cssRules",
          "assetId": "uiOL1dk5Q8jl",
          "checksum": "8c6f659675a7b4f22dcca728f663cd55"
        },
        {
          "type": "renderModule",
          "assetId": "84Y-oh8ZKtTn",
          "checksum": "1e09f6804fb473a20dc0bcc5335f999f"
        },
        {
          "type": "cssRules",
          "assetId": "84Y-oh8ZKtTn",
          "checksum": "1e09f6804fb473a20dc0bcc5335f999f"
        },
        {
          "type": "renderModule",
          "assetId": "2XESVSh7uBNW",
          "checksum": "5ec3eab38dd14235c970ddac1d5fcc34"
        },
        {
          "type": "cssRules",
          "assetId": "2XESVSh7uBNW",
          "checksum": "5ec3eab38dd14235c970ddac1d5fcc34"
        },
        {
          "type": "renderModule",
          "assetId": "kjopnalEwwN8",
          "checksum": "a6beb4f94e2903b3e93b9af98b33e510"
        },
        {
          "type": "cssRules",
          "assetId": "kjopnalEwwN8",
          "checksum": "a6beb4f94e2903b3e93b9af98b33e510"
        },
        {
          "type": "renderModule",
          "assetId": "_SaBZTZoAUH1",
          "checksum": "c7bc2c2f24fddfd26439ca76548b4399"
        },
        {
          "type": "cssRules",
          "assetId": "_SaBZTZoAUH1",
          "checksum": "c7bc2c2f24fddfd26439ca76548b4399"
        },
        {
          "type": "icon",
          "assetId": "xTkKnRsv_7r0",
          "checksum": "96ea476087c02a4c3f050839e55366c6"
        },
        {
          "type": "icon",
          "assetId": "_SLG_PuUcB9P",
          "checksum": "b0330ebae72de24fc483cdac56f48309"
        },
        {
          "type": "icon",
          "assetId": "HEGdUAbVqvgH",
          "checksum": "318721c2657ad19558eff473e64a0263"
        },
        {
          "type": "icon",
          "assetId": "3gLyfoj4s8os",
          "checksum": "1880dd50850382d4440987dc357ce9b0"
        },
        {
          "type": "icon",
          "assetId": "bGYFPBR0MVFu",
          "checksum": "3268efda58e62840438b19781cb5ac4a"
        },
        {
          "type": "icon",
          "assetId": "or7RPdTkqg7A",
          "checksum": "f004d8b29f3662c08ccd5fb02607a682"
        },
        {
          "type": "icon",
          "assetId": "f_b-00ihZQm3",
          "checksum": "b6e6e3e67a595d3e099a6d8ce0f44b2c"
        },
        {
          "type": "icon",
          "assetId": "lhLHctHVgafZ",
          "checksum": "583207383211100c1e87ddd63692a20d"
        },
        {
          "type": "icon",
          "assetId": "ijL3LfwtExE_",
          "checksum": "99294ce60649b86ec4bcc9a452936a84"
        },
        {
          "type": "icon",
          "assetId": "84_fbqkV1Z26",
          "checksum": "197d9e4c35be0c4c3d62012c6ec6f782"
        },
        {
          "type": "image",
          "assetId": "vmy9-UMkXWM3",
          "checksum": "3b788bb9c63ca5f2a5201d1f8f55d99a"
        },
        {
          "type": "image",
          "assetId": "-8YutHx5Adr2",
          "checksum": "83cf0b6ff601eaf1fa49840a3578d875"
        },
        {
          "type": "image",
          "assetId": "7llV8rB7V6hr",
          "checksum": "3903aa8b449ef6dff93e1cd203054460"
        },
        {
          "type": "image",
          "assetId": "af6Z_LCNfUks",
          "checksum": "f47fdf4c655ac4807b8a1093158d4c48"
        },
        {
          "type": "image",
          "assetId": "-IGdv7DCr65g",
          "checksum": "536b9386ca1324200b2abea40e26f7a8"
        },
        {
          "type": "image",
          "assetId": "U74aR3ksqA8P",
          "checksum": "d35fd2605531257351e7934d842ab30d"
        },
        {
          "type": "image",
          "assetId": "vbbmvnp5fDza",
          "checksum": "ab289455b003ce9eb06a7ad349bfc26a"
        },
        {
          "type": "image",
          "assetId": "-LN1dQD2a9a1",
          "checksum": "161be0208e59a11e1cc968d6ff1b9793"
        },
        {
          "type": "image",
          "assetId": "xXgNKMl8Qn1j",
          "checksum": "87137645eb26af225910d2906046ac4f"
        },
        {
          "type": "image",
          "assetId": "X8_2g-FTkX41",
          "checksum": "846c72341edab6a9eaf3221d2de98426"
        },
        {
          "type": "image",
          "assetId": "PPkxuwnlSFwd",
          "checksum": "8c3b7952a6253707ae120e604f1f72b8"
        },
        {
          "type": "image",
          "assetId": "irJZUKyBSaf4",
          "checksum": "20ac3bdf494a8f5ad539814f3abd0c53"
        },
        {
          "type": "image",
          "assetId": "1W6ZINGEnbTi",
          "checksum": "b1c549838a0aaaf3d0d35782c27be3f5"
        },
        {
          "type": "image",
          "assetId": "xq2K1peDBg3D",
          "checksum": "639826f372e5281d74f55e8da775b322"
        },
        {
          "type": "image",
          "assetId": "YNiRQ_uGlgIa",
          "checksum": "e2b41416cce266bd3da2b4cd36a9ccbf"
        },
        {
          "type": "image",
          "assetId": "sJ2R53uQU_Ph",
          "checksum": "07f95866b280c7dafd74d627ce6055a9"
        },
        {
          "type": "image",
          "assetId": "Nyq0jY7uLgq6",
          "checksum": "2861f61467945ff2cf0573a46756ae34"
        },
        {
          "type": "image",
          "assetId": "nOi80s94nsPD",
          "checksum": "0b4706e0ec2db606ecfed3aa7f9a5df2"
        },
        {
          "type": "image",
          "assetId": "RyvTqWWr4Uti",
          "checksum": "01d0fba4760abcd1bad76af51032daf2"
        },
        {
          "type": "image",
          "assetId": "_DeKvFUBtmh0",
          "checksum": "9650f3adcc807427026bea4223da2a4d"
        },
        {
          "type": "image",
          "assetId": "CfoEYxiCZFew",
          "checksum": "dfcc84751e611c08ad64b4553d8dde7f"
        },
        {
          "type": "image",
          "assetId": "_l_OrHy5uo25",
          "checksum": "3771d6eb7abf0f15a23de70f415429a9"
        },
        {
          "type": "image",
          "assetId": "xY9xRoHvNxCK",
          "checksum": "63ac1ab8f8e447876d019d5a666fa2b9"
        },
        {
          "type": "image",
          "assetId": "QcBFigwPe3qd",
          "checksum": "bf824032f36c2d4c7ce8d2e201610e1b"
        },
        {
          "type": "image",
          "assetId": "XVPM3DOYga7g",
          "checksum": "f221c1b758a61bc923d03496b03741d4"
        },
        {
          "type": "image",
          "assetId": "rr-oY1xuuBHO",
          "checksum": "ad4a5a6ecb52a0bdf4de3d4e35889d0e"
        },
        {
          "type": "image",
          "assetId": "pjvFPTr4gxn0",
          "checksum": "dca56496598aa3bd2de161d989cae518"
        },
        {
          "type": "image",
          "assetId": "3_s-d_kWW1yT",
          "checksum": "078e0f80baa906a995ca35a05b5c98d9"
        },
        {
          "type": "image",
          "assetId": "V1Ri5_QbskMY",
          "checksum": "542000e945f60082db590b3def2e42c5"
        },
        {
          "type": "image",
          "assetId": "KdV2y13mA5Ct",
          "checksum": "6e8baec333517285f4156d722a98bc2e"
        },
        {
          "type": "image",
          "assetId": "vQ_i-3qbZqOv",
          "checksum": "2974ef93ebe6e22bffdeb7e2a06355b0"
        },
        {
          "type": "image",
          "assetId": "C65tc7W41RpY",
          "checksum": "ec05aa5566eb63b433fb0ad79b5c5b96"
        },
        {
          "type": "image",
          "assetId": "2-fY0lE0r6lt",
          "checksum": "f2e19654947025ad5b2bd5d97150ef4d"
        },
        {
          "type": "image",
          "assetId": "2-Y-Ux_pxS1B",
          "checksum": "dc465674884241e0212807d2be1080ae"
        },
        {
          "type": "image",
          "assetId": "UJb6IDLHBywP",
          "checksum": "cd51c8a47476266e29e822d8b6bf3f6c"
        },
        {
          "type": "image",
          "assetId": "ZjNobfyU9lgY",
          "checksum": "eaedd016fe155c8490994c4a0c8f9efd"
        },
        {
          "type": "image",
          "assetId": "OiTHaHRu9_h_",
          "checksum": "8bc7ec471ccfc96fecec6d6cc2c34095"
        },
        {
          "type": "image",
          "assetId": "sqTQ27pobjCi",
          "checksum": "49b94a030d034aa5d6591c3477d8d8b3"
        },
        {
          "type": "image",
          "assetId": "ILkq_zNH08AD",
          "checksum": "3060241065ed30764c9ebb880b883a51"
        },
        {
          "type": "image",
          "assetId": "oADjvq042he5",
          "checksum": "f2de84bd99819c37d5d8a28b26a70671"
        },
        {
          "type": "image",
          "assetId": "7JLoE9LjbAZH",
          "checksum": "f7788b398ebb06e55a9cc883d7231f30"
        },
        {
          "type": "image",
          "assetId": "CmjWSfGDWdBz",
          "checksum": "36eaad37cb6aec639baf6931998046e7"
        },
        {
          "type": "image",
          "assetId": "MHhIKtut1bz7",
          "checksum": "06561a09dbe1583e8323383aa11d1a5b"
        },
        {
          "type": "image",
          "assetId": "qh_vGR0RJq9z",
          "checksum": "87a8a0057a5c0872555a6b6f9167b569"
        }
      ],
      "codegenVersion": "0.0.1"
    }
  ],
  "cliVersion": "0.1.338"
}
